{
  "name": "watermark-utility.gozel.com.tr",
  "version": "20.10.3",
  "lockfileVersion": 1,
  "requires": true,
  "dependencies": {
    "@frondjs/frond": {
      "version": "4.1.2",
      "resolved": "https://registry.npmjs.org/@frondjs/frond/-/frond-4.1.2.tgz",
      "integrity": "sha512-gJvCDh6T+IVEVNkBJot0l+5VtktugZe2BlDpXKIVLzsdoslLrGbQNT9n1RJKjKT+23vzhNehvqxT7uDItxJoYA==",
      "requires": {
        "basekits": "^1.2.0",
        "dom-scripter": "^2.0.3",
        "event-emitter-object": "^1.1.3",
        "local-storage-pro": "^1.1.1",
        "speakingurl": "^14.0.1",
        "state-manager-object": "^1.1.1"
      }
    },
    "animejs": {
      "version": "3.2.0",
      "resolved": "https://registry.npmjs.org/animejs/-/animejs-3.2.0.tgz",
      "integrity": "sha512-zhtGl5cS0G2f5DfciMO8uwWpnx06nfFnHlXYYXHBazHep1Lyd6kEtBQP+9hpYKE0dBZjIigHp9VpMO95ZfXQJQ=="
    },
    "basekits": {
      "version": "1.2.0",
      "resolved": "https://registry.npmjs.org/basekits/-/basekits-1.2.0.tgz",
      "integrity": "sha512-X922CCHQpWuwPUcgqbXqBrFMEj7nApQkyew7Q0+ZxWlIWe+AvGHyXC5MdjTxKAmwYcsjryXwlvOgPc3e204oEQ=="
    },
    "camelcase": {
      "version": "5.3.1",
      "resolved": "https://registry.npmjs.org/camelcase/-/camelcase-5.3.1.tgz",
      "integrity": "sha512-L28STB170nwWS63UjtlEOE3dldQApaJXZkOI1uMFfzf3rRuPegHaHesyee+YxQ+W6SvRDQV6UrdOdRiR153wJg==",
      "dev": true
    },
    "convict": {
      "version": "6.0.0",
      "resolved": "https://registry.npmjs.org/convict/-/convict-6.0.0.tgz",
      "integrity": "sha512-osfPkv5yjVoZqrTWBXuh/ABGpFoaJplbt0WXr0CodR4CSWt8UnzY4PSUyRz/+5BX5YUtWcToG29Kr0B6xhdIMg==",
      "dev": true,
      "requires": {
        "lodash.clonedeep": "^4.5.0",
        "yargs-parser": "^18.1.3"
      }
    },
    "csp-dev": {
      "version": "1.0.1",
      "resolved": "https://registry.npmjs.org/csp-dev/-/csp-dev-1.0.1.tgz",
      "integrity": "sha512-k1ziAWPnh7h7U/aHOMmosl6d1RJaxbB831KOPXpIOjbDbq8K/3N/4VCZUwo5TLHUE9xWk6aDpKxFsHKlSnKX9Q=="
    },
    "dayjs": {
      "version": "1.9.1",
      "resolved": "https://registry.npmjs.org/dayjs/-/dayjs-1.9.1.tgz",
      "integrity": "sha512-01NCTBg8cuMJG1OQc6PR7T66+AFYiPwgDvdJmvJBn29NGzIG+DIFxPLNjHzwz3cpFIvG+NcwIjP9hSaPVoOaDg=="
    },
    "decamelize": {
      "version": "1.2.0",
      "resolved": "https://registry.npmjs.org/decamelize/-/decamelize-1.2.0.tgz",
      "integrity": "sha1-9lNNFRSCabIDUue+4m9QH5oZEpA=",
      "dev": true
    },
    "dom-scripter": {
      "version": "2.0.3",
      "resolved": "https://registry.npmjs.org/dom-scripter/-/dom-scripter-2.0.3.tgz",
      "integrity": "sha512-JCI6E7y1Z2V7HZqGvxZH6F8rELMM5W/u5kyR6fJPqbAvMsEZh5tKkZ3GaGMu4xyQTGL+uufPJewwsFVo1Gjsdw=="
    },
    "event-emitter-object": {
      "version": "1.1.3",
      "resolved": "https://registry.npmjs.org/event-emitter-object/-/event-emitter-object-1.1.3.tgz",
      "integrity": "sha512-N/pmkzjs6Exp6TCR93ytw7rwqO1e5en73mMt8dVhv2n28n+cgcIPlgEC/nBSrRKmfx4E+sjBp1LugmzZeNTJJw=="
    },
    "file-saver": {
      "version": "2.0.2",
      "resolved": "https://registry.npmjs.org/file-saver/-/file-saver-2.0.2.tgz",
      "integrity": "sha512-Wz3c3XQ5xroCxd1G8b7yL0Ehkf0TC9oYC6buPFkNnU9EnaPlifeAFCyCh+iewXTyFRcg0a6j3J7FmJsIhlhBdw=="
    },
    "fontfaceobserver": {
      "version": "2.1.0",
      "resolved": "https://registry.npmjs.org/fontfaceobserver/-/fontfaceobserver-2.1.0.tgz",
      "integrity": "sha512-ReOsO2F66jUa0jmv2nlM/s1MiutJx/srhAe2+TE8dJCMi02ZZOcCTxTCQFr3Yet+uODUtnr4Mewg+tNQ+4V1Ng=="
    },
    "lighthouse-analytics": {
      "version": "1.0.8",
      "resolved": "https://registry.npmjs.org/lighthouse-analytics/-/lighthouse-analytics-1.0.8.tgz",
      "integrity": "sha512-lHMEOVsljb0RLQw6xJIySwSrMTaku3j6HkM8yAVDDD3gpF2gQ1wJIlNHyBamHThJuhzYvG0WrE3n0RwHjNZw0w==",
      "requires": {
        "basekits": "^1.1.3",
        "dom-scripter": "^2.0.3",
        "event-emitter-object": "^1.0.7",
        "local-storage-pro": "^1.0.0",
        "nanoid": "^3.1.12",
        "visibility-state-listener": "^1.0.3"
      }
    },
    "local-storage-pro": {
      "version": "1.1.1",
      "resolved": "https://registry.npmjs.org/local-storage-pro/-/local-storage-pro-1.1.1.tgz",
      "integrity": "sha512-0K6DQYBrhMF7wJvk2EHzXheV3VEwVbgpTyU7bi6/YdnA76qVowBFCveap6HYSwrPsCIX+7b3mJ5ikghLmDngnA==",
      "requires": {
        "basekits": "^1.1.0",
        "event-emitter-object": "^1.1.2"
      }
    },
    "locale-util": {
      "version": "1.0.4",
      "resolved": "https://registry.npmjs.org/locale-util/-/locale-util-1.0.4.tgz",
      "integrity": "sha512-z5jjMVy9L9KqwZXSZZsYOxLBm7SddKtmpny+twQUynuzhwOJm0+UjTQzsls37vCAYOvQIllgwuBH8GqzsN3tYg=="
    },
    "lodash.clonedeep": {
      "version": "4.5.0",
      "resolved": "https://registry.npmjs.org/lodash.clonedeep/-/lodash.clonedeep-4.5.0.tgz",
      "integrity": "sha1-4j8/nE+Pvd6HJSnBBxhXoIblzO8=",
      "dev": true
    },
    "metapatcher": {
      "version": "2.0.6",
      "resolved": "https://registry.npmjs.org/metapatcher/-/metapatcher-2.0.6.tgz",
      "integrity": "sha512-ViX9rYGTE+GolEZCZodtQua20FJATxk58G1JEvNy+8fU0T7YlCz+eOJQ7ZFyRixA9Em/L/dUE1qYaUnJWTO3aQ==",
      "requires": {
        "basekits": "^1.1.3",
        "dom-scripter": "^2.0.3"
      }
    },
    "nanoid": {
      "version": "3.1.12",
      "resolved": "https://registry.npmjs.org/nanoid/-/nanoid-3.1.12.tgz",
      "integrity": "sha512-1qstj9z5+x491jfiC4Nelk+f8XBad7LN20PmyWINJEMRSf3wcAjAWysw1qaA8z6NSKe2sjq1hRSDpBH5paCb6A=="
    },
    "regionist": {
      "version": "1.1.1",
      "resolved": "https://registry.npmjs.org/regionist/-/regionist-1.1.1.tgz",
      "integrity": "sha512-eQKv+PBMO72W14s+rKBSZ6e7iKjUUV1nBYv2HPtoL9a9ajKK3N6oB4fQVEHUuyDyL5a/QhOP39uJNzwgHF/Fcw==",
      "requires": {
        "local-storage-pro": "^1.1.1",
        "locale-util": "^1.0.4"
      }
    },
    "smartcrop": {
      "version": "2.0.3",
      "resolved": "https://registry.npmjs.org/smartcrop/-/smartcrop-2.0.3.tgz",
      "integrity": "sha512-EXkHPLf24H6KrYwCnUY+Y9ll+OPmFjmGc7wxiTfuUXt+WBXGTYR3qN5F3Df1Pk0TF/3rHCtOmPLQrvQ+QQOBWQ=="
    },
    "speakingurl": {
      "version": "14.0.1",
      "resolved": "https://registry.npmjs.org/speakingurl/-/speakingurl-14.0.1.tgz",
      "integrity": "sha512-1POYv7uv2gXoyGFpBCmpDVSNV74IfsWlDW216UPjbWufNf+bSU6GdbDsxdcxtfwb4xlI3yxzOTKClUosxARYrQ=="
    },
    "state-manager-object": {
      "version": "1.1.1",
      "resolved": "https://registry.npmjs.org/state-manager-object/-/state-manager-object-1.1.1.tgz",
      "integrity": "sha512-RQZAvUC7Dhwe3iPetjbma72BYjGOA+HJVcvSNp/o3Tv8YdfWD3NOItn4otlPigk4fs4khZ7teea37ald2tcbAw==",
      "requires": {
        "basekits": "^1.0.2",
        "event-emitter-object": "^1.1.2"
      }
    },
    "visibility-state-listener": {
      "version": "1.0.5",
      "resolved": "https://registry.npmjs.org/visibility-state-listener/-/visibility-state-listener-1.0.5.tgz",
      "integrity": "sha512-KuviTUiOtJCAdByjp9kki1tjawY8zNkF8T1Crkh5M6tP9xvfiJByp0NEC6PneTS3GhPOIlP1VSCSgh6yU3OQmQ==",
      "requires": {
        "event-emitter-object": "^1.1.2"
      }
    },
    "yargs-parser": {
      "version": "18.1.3",
      "resolved": "https://registry.npmjs.org/yargs-parser/-/yargs-parser-18.1.3.tgz",
      "integrity": "sha512-o50j0JeToy/4K6OZcaQmW6lyXXKhq7csREXcDwk2omFPJEwUNOVtJKvmDr9EI1fAJZUyZcRF7kxGBWmRXudrCQ==",
      "dev": true,
      "requires": {
        "camelcase": "^5.0.0",
        "decamelize": "^1.2.0"
      }
    }
  }
}
